
Microsoft Visual Studio Solution File, Format Version 12.00
Project("{FAE04EC0-301F-11D3-BF4B-00C04F79EFBC}") = "one", "one\one.csproj", "{0B1253D6-C9FA-4A89-A9CC-831C34391FE6}"
EndProject
Project("{2150E333-8FDC-42A3-9474-1A3956D46DE8}") = "two", "two", "{D21E4C88-AEA4-45D3-89C3-C79A9515C081}"
ProjectSection(SolutionItems) = preProject
	two\Project.cs = two\Project.cs
EndProjectSection
EndProject
Global
	GlobalSection(SolutionConfigurationPlatforms) = preSolution
		Debug|Any CPU = Debug|Any CPU
		Release|Any CPU = Release|Any CPU
	EndGlobalSection
	GlobalSection(ProjectConfigurationPlatforms) = postSolution
		{0B1253D6-C9FA-4A89-A9CC-831C34391FE6}.Debug|Any CPU.ActiveCfg = Debug|Any CPU
		{0B1253D6-C9FA-4A89-A9CC-831C34391FE6}.Debug|Any CPU.Build.0 = Debug|Any CPU
		{0B1253D6-C9FA-4A89-A9CC-831C34391FE6}.Release|Any CPU.ActiveCfg = Release|Any CPU
		{0B1253D6-C9FA-4A89-A9CC-831C34391FE6}.Release|Any CPU.Build.0 = Release|Any CPU
	EndGlobalSection
EndGlobal
