
Microsoft Visual Studio Solution File, Format Version 12.00
Project("{FAE04EC0-301F-11D3-BF4B-00C04F79EFBC}") = "three", "three\three.csproj", "{7B9C1BA0-AA90-469D-B8A2-7DC9FF5E4286}"
EndProject
Global
	GlobalSection(SolutionConfigurationPlatforms) = preSolution
		Debug|Any CPU = Debug|Any CPU
		Release|Any CPU = Release|Any CPU
	EndGlobalSection
	GlobalSection(ProjectConfigurationPlatforms) = postSolution
		{7B9C1BA0-AA90-469D-B8A2-7DC9FF5E4286}.Debug|Any CPU.ActiveCfg = Debug|Any CPU
		{7B9C1BA0-AA90-469D-B8A2-7DC9FF5E4286}.Debug|Any CPU.Build.0 = Debug|Any CPU
		{7B9C1BA0-AA90-469D-B8A2-7DC9FF5E4286}.Release|Any CPU.ActiveCfg = Release|Any CPU
		{7B9C1BA0-AA90-469D-B8A2-7DC9FF5E4286}.Release|Any CPU.Build.0 = Release|Any CPU
	EndGlobalSection
EndGlobal
